
Microsoft Visual Studio Solution File, Format Version 12.00
# Visual Studio Version 17
VisualStudioVersion = 17.10.35004.147
MinimumVisualStudioVersion = 10.0.40219.1
Project("{FAE04EC0-301F-11D3-BF4B-00C04F79EFBC}") = "C# - applyingObjectOrientation", "C# - applyingObjectOrientation\C# - applyingObjectOrientation.csproj", "{2E7C4587-305F-4DD2-9B7C-6141F546EAB5}"
EndProject
Global
	GlobalSection(SolutionConfigurationPlatforms) = preSolution
		Debug|Any CPU = Debug|Any CPU
		Release|Any CPU = Release|Any CPU
	EndGlobalSection
	GlobalSection(ProjectConfigurationPlatforms) = postSolution
		{2E7C4587-305F-4DD2-9B7C-6141F546EAB5}.Debug|Any CPU.ActiveCfg = Debug|Any CPU
		{2E7C4587-305F-4DD2-9B7C-6141F546EAB5}.Debug|Any CPU.Build.0 = Debug|Any CPU
		{2E7C4587-305F-4DD2-9B7C-6141F546EAB5}.Release|Any CPU.ActiveCfg = Release|Any CPU
		{2E7C4587-305F-4DD2-9B7C-6141F546EAB5}.Release|Any CPU.Build.0 = Release|Any CPU
	EndGlobalSection
	GlobalSection(SolutionProperties) = preSolution
		HideSolutionNode = FALSE
	EndGlobalSection
	GlobalSection(ExtensibilityGlobals) = postSolution
		SolutionGuid = {FE879BC2-C011-43B5-8342-8F832602840C}
	EndGlobalSection
EndGlobal
